schema: '2.0'
stages:
  data_load:
    cmd: python scripts/data_loader.py
    deps:
    - path: data/raw/raw_train.csv
      hash: md5
      md5: 3710f58494ce32f43e65755cc3f846b3
      size: 36791207
      isexec: true
    - path: scripts/data_loader.py
      hash: md5
      md5: 0c65a6029cec41ca7c11e859adf213a7
      size: 1557
      isexec: true
    - path: scripts/data_preprocessor_class.py
      hash: md5
      md5: a0b2252530c106ec5253ec6e2cc44b65
      size: 9732
      isexec: true
    outs:
    - path: data/processed/test.csv
      hash: md5
      md5: c7b5cb45fdadd768a3c8f4d6da140e52
      size: 6460282
      isexec: true
    - path: data/processed/train.csv
      hash: md5
      md5: 4e051fb7efac3b546c6b214b5a51b702
      size: 25839373
      isexec: true
    - path: models/preprocessor.pkl
      hash: md5
      md5: 009492f9113887b2319d51db4b78009f
      size: 3435
      isexec: true
  train_logreg:
    cmd: python scripts/train_logreg_model.py
    deps:
    - path: data/processed/test.csv
      hash: md5
      md5: c7b5cb45fdadd768a3c8f4d6da140e52
      size: 6460282
      isexec: true
    - path: data/processed/train.csv
      hash: md5
      md5: 4e051fb7efac3b546c6b214b5a51b702
      size: 25839373
      isexec: true
    - path: scripts/train_logreg_model.py
      hash: md5
      md5: 7bd7534bd3418126de351436e83aca62
      size: 5365
      isexec: true
    outs:
    - path: models/logreg_model.pkl
      hash: md5
      md5: 17047862d105f7c64876641c30474313
      size: 1714
      isexec: true
  train_lgmb_model:
    cmd: python scripts/train_lgbm_model.py
    deps:
    - path: data/processed/test.csv
      hash: md5
      md5: c7b5cb45fdadd768a3c8f4d6da140e52
      size: 6460282
      isexec: true
    - path: data/processed/train.csv
      hash: md5
      md5: 4e051fb7efac3b546c6b214b5a51b702
      size: 25839373
      isexec: true
    - path: scripts/train_lgbm_model.py
      hash: md5
      md5: 39ce6b941189c8d09bb1dc29816a191d
      size: 5181
      isexec: true
    outs:
    - path: models/lgbm_model.pkl
      hash: md5
      md5: 27c0f740daaeab064f381a5f1865d762
      size: 461884
      isexec: true
