schema: '2.0'
stages:
  data_load:
    cmd: python scripts/data_loader.py
    deps:
    - path: data/raw_train.csv
      hash: md5
      md5: 3710f58494ce32f43e65755cc3f846b3
      size: 36791207
      isexec: true
    - path: scripts/data_loader.py
      hash: md5
      md5: a9b4f65a62f2ff47aa08b77b54c0e53b
      size: 1675
      isexec: true
    - path: scripts/data_preprocessor_class.py
      hash: md5
      md5: fe5412238c02e5511105ff78b6f4dae8
      size: 7632
      isexec: true
    outs:
    - path: data/test.csv
      hash: md5
      md5: b3f16512c9a3012278967d3cc656fc1b
      size: 6377119
      isexec: true
    - path: data/train.csv
      hash: md5
      md5: 96aa3278e2aa3e6ada4461aa5b35eeba
      size: 25507258
      isexec: true
    - path: models/preprocessor.pkl
      hash: md5
      md5: 16b63e06874075c194ba8400bc103499
      size: 3147
      isexec: true
  train_logreg:
    cmd: python scripts/train_logreg_model.py
    deps:
    - path: data/test.csv
      hash: md5
      md5: b3f16512c9a3012278967d3cc656fc1b
      size: 6377119
      isexec: true
    - path: data/train.csv
      hash: md5
      md5: 96aa3278e2aa3e6ada4461aa5b35eeba
      size: 25507258
      isexec: true
    - path: scripts/train_logreg_model.py
      hash: md5
      md5: fe1fd392d4c87556b2f1802a87ca5d9b
      size: 4042
      isexec: true
    outs:
    - path: models/logreg_model.pkl
      hash: md5
      md5: 3e5c196f2d4da1495fb5e2a65bcddd7a
      size: 1714
      isexec: true
  train_lgmb_model:
    cmd: python scripts/train_lgbm_model.py
    deps:
    - path: data/test.csv
      hash: md5
      md5: b3f16512c9a3012278967d3cc656fc1b
      size: 6377119
      isexec: true
    - path: data/train.csv
      hash: md5
      md5: 96aa3278e2aa3e6ada4461aa5b35eeba
      size: 25507258
      isexec: true
    - path: scripts/train_lgbm_model.py
      hash: md5
      md5: cba80ebdee5bad8945d6b180ea3d90ff
      size: 3863
      isexec: true
    outs:
    - path: models/lgbm_model.pkl
      hash: md5
      md5: 1d330348e65fd172adbb8e135bc64f00
      size: 464218
      isexec: true
